
Microsoft Visual Studio Solution File, Format Version 12.00
# Visual Studio Version 17
VisualStudioVersion = 17.0.32112.339
MinimumVisualStudioVersion = 10.0.40219.1
Project("{9A19103F-16F7-4668-BE54-9A1E7A4F7556}") = "KampIntro", "KampIntro\KampIntro.csproj", "{5CD78E2B-DF28-4380-B181-23A78EC938CB}"
EndProject
Project("{9A19103F-16F7-4668-BE54-9A1E7A4F7556}") = "Donguler", "Donguler\Donguler.csproj", "{37510AD2-FF15-49EA-A05B-F5207D3609A3}"
EndProject
Project("{9A19103F-16F7-4668-BE54-9A1E7A4F7556}") = "ClassIntro", "ClassIntro\ClassIntro.csproj", "{04F501BF-D8B5-4C57-A3DE-1F5E0D1DBF93}"
EndProject
Project("{9A19103F-16F7-4668-BE54-9A1E7A4F7556}") = "Methods", "Methods\Methods\Methods.csproj", "{AED58227-1FD3-404B-B816-9152979A94AD}"
EndProject
Project("{9A19103F-16F7-4668-BE54-9A1E7A4F7556}") = "Matematik", "Matematik\Matematik.csproj", "{5D37B48D-D875-4E84-853C-23FBD426F980}"
EndProject
Project("{9A19103F-16F7-4668-BE54-9A1E7A4F7556}") = "DegerVeReferansTipler", "DegerVeReferansTipler\DegerVeReferansTipler.csproj", "{6D441426-31E6-41D0-B27E-70399FD4C5DA}"
EndProject
Project("{9A19103F-16F7-4668-BE54-9A1E7A4F7556}") = "OOP1", "OOP1\OOP1.csproj", "{CD28B93A-F61B-4281-9199-30689B87BEC1}"
EndProject
Project("{9A19103F-16F7-4668-BE54-9A1E7A4F7556}") = "Collections", "Collections\Collections.csproj", "{B052BE3F-08EA-4F48-8542-68D4CCE49E90}"
EndProject
Project("{9A19103F-16F7-4668-BE54-9A1E7A4F7556}") = "GenericsIntro", "GenericsIntro\GenericsIntro.csproj", "{2C43DDFD-D737-4939-88EF-35F7340BE979}"
EndProject
Project("{FAE04EC0-301F-11D3-BF4B-00C04F79EFBC}") = "OOP2", "OOP2\OOP2.csproj", "{875B7194-75C1-4D03-A0D5-9A16F8E032B8}"
EndProject
Global
	GlobalSection(SolutionConfigurationPlatforms) = preSolution
		Debug|Any CPU = Debug|Any CPU
		Release|Any CPU = Release|Any CPU
	EndGlobalSection
	GlobalSection(ProjectConfigurationPlatforms) = postSolution
		{5CD78E2B-DF28-4380-B181-23A78EC938CB}.Debug|Any CPU.ActiveCfg = Debug|Any CPU
		{5CD78E2B-DF28-4380-B181-23A78EC938CB}.Debug|Any CPU.Build.0 = Debug|Any CPU
		{5CD78E2B-DF28-4380-B181-23A78EC938CB}.Release|Any CPU.ActiveCfg = Release|Any CPU
		{5CD78E2B-DF28-4380-B181-23A78EC938CB}.Release|Any CPU.Build.0 = Release|Any CPU
		{37510AD2-FF15-49EA-A05B-F5207D3609A3}.Debug|Any CPU.ActiveCfg = Debug|Any CPU
		{37510AD2-FF15-49EA-A05B-F5207D3609A3}.Debug|Any CPU.Build.0 = Debug|Any CPU
		{37510AD2-FF15-49EA-A05B-F5207D3609A3}.Release|Any CPU.ActiveCfg = Release|Any CPU
		{37510AD2-FF15-49EA-A05B-F5207D3609A3}.Release|Any CPU.Build.0 = Release|Any CPU
		{04F501BF-D8B5-4C57-A3DE-1F5E0D1DBF93}.Debug|Any CPU.ActiveCfg = Debug|Any CPU
		{04F501BF-D8B5-4C57-A3DE-1F5E0D1DBF93}.Debug|Any CPU.Build.0 = Debug|Any CPU
		{04F501BF-D8B5-4C57-A3DE-1F5E0D1DBF93}.Release|Any CPU.ActiveCfg = Release|Any CPU
		{04F501BF-D8B5-4C57-A3DE-1F5E0D1DBF93}.Release|Any CPU.Build.0 = Release|Any CPU
		{AED58227-1FD3-404B-B816-9152979A94AD}.Debug|Any CPU.ActiveCfg = Debug|Any CPU
		{AED58227-1FD3-404B-B816-9152979A94AD}.Debug|Any CPU.Build.0 = Debug|Any CPU
		{AED58227-1FD3-404B-B816-9152979A94AD}.Release|Any CPU.ActiveCfg = Release|Any CPU
		{AED58227-1FD3-404B-B816-9152979A94AD}.Release|Any CPU.Build.0 = Release|Any CPU
		{5D37B48D-D875-4E84-853C-23FBD426F980}.Debug|Any CPU.ActiveCfg = Debug|Any CPU
		{5D37B48D-D875-4E84-853C-23FBD426F980}.Debug|Any CPU.Build.0 = Debug|Any CPU
		{5D37B48D-D875-4E84-853C-23FBD426F980}.Release|Any CPU.ActiveCfg = Release|Any CPU
		{5D37B48D-D875-4E84-853C-23FBD426F980}.Release|Any CPU.Build.0 = Release|Any CPU
		{6D441426-31E6-41D0-B27E-70399FD4C5DA}.Debug|Any CPU.ActiveCfg = Debug|Any CPU
		{6D441426-31E6-41D0-B27E-70399FD4C5DA}.Debug|Any CPU.Build.0 = Debug|Any CPU
		{6D441426-31E6-41D0-B27E-70399FD4C5DA}.Release|Any CPU.ActiveCfg = Release|Any CPU
		{6D441426-31E6-41D0-B27E-70399FD4C5DA}.Release|Any CPU.Build.0 = Release|Any CPU
		{CD28B93A-F61B-4281-9199-30689B87BEC1}.Debug|Any CPU.ActiveCfg = Debug|Any CPU
		{CD28B93A-F61B-4281-9199-30689B87BEC1}.Debug|Any CPU.Build.0 = Debug|Any CPU
		{CD28B93A-F61B-4281-9199-30689B87BEC1}.Release|Any CPU.ActiveCfg = Release|Any CPU
		{CD28B93A-F61B-4281-9199-30689B87BEC1}.Release|Any CPU.Build.0 = Release|Any CPU
		{B052BE3F-08EA-4F48-8542-68D4CCE49E90}.Debug|Any CPU.ActiveCfg = Debug|Any CPU
		{B052BE3F-08EA-4F48-8542-68D4CCE49E90}.Debug|Any CPU.Build.0 = Debug|Any CPU
		{B052BE3F-08EA-4F48-8542-68D4CCE49E90}.Release|Any CPU.ActiveCfg = Release|Any CPU
		{B052BE3F-08EA-4F48-8542-68D4CCE49E90}.Release|Any CPU.Build.0 = Release|Any CPU
		{2C43DDFD-D737-4939-88EF-35F7340BE979}.Debug|Any CPU.ActiveCfg = Debug|Any CPU
		{2C43DDFD-D737-4939-88EF-35F7340BE979}.Debug|Any CPU.Build.0 = Debug|Any CPU
		{2C43DDFD-D737-4939-88EF-35F7340BE979}.Release|Any CPU.ActiveCfg = Release|Any CPU
		{2C43DDFD-D737-4939-88EF-35F7340BE979}.Release|Any CPU.Build.0 = Release|Any CPU
		{875B7194-75C1-4D03-A0D5-9A16F8E032B8}.Debug|Any CPU.ActiveCfg = Debug|Any CPU
		{875B7194-75C1-4D03-A0D5-9A16F8E032B8}.Debug|Any CPU.Build.0 = Debug|Any CPU
		{875B7194-75C1-4D03-A0D5-9A16F8E032B8}.Release|Any CPU.ActiveCfg = Release|Any CPU
		{875B7194-75C1-4D03-A0D5-9A16F8E032B8}.Release|Any CPU.Build.0 = Release|Any CPU
	EndGlobalSection
	GlobalSection(SolutionProperties) = preSolution
		HideSolutionNode = FALSE
	EndGlobalSection
	GlobalSection(ExtensibilityGlobals) = postSolution
		SolutionGuid = {6A7A752D-3CD2-4858-99E3-7B4AAFF0870D}
	EndGlobalSection
EndGlobal
